<?xml version="1.0" encoding="utf-8"?>
<Project ToolsVersion="4.0" xmlns="http://schemas.microsoft.com/developer/msbuild/2003">
  <ItemGroup>
    <Filter Include="Source Files">
      <UniqueIdentifier>{023f5df0-539f-409d-b7fe-43b8f6d24c65}</UniqueIdentifier>
      <Extensions>cpp;c;cxx;rc;def;r;odl;idl;hpj;bat</Extensions>
    </Filter>
    <Filter Include="Header Files">
      <UniqueIdentifier>{b8165551-61f5-4af0-90fe-364831c9539f}</UniqueIdentifier>
      <Extensions>h;hpp;hxx;hm;inl</Extensions>
    </Filter>
    <Filter Include="Resource Files">
      <UniqueIdentifier>{7103db4f-cfc4-45eb-a52d-a732d18354e5}</UniqueIdentifier>
      <Extensions>ico;cur;bmp;dlg;rc2;rct;bin;rgs;gif;jpg;jpeg;jpe</Extensions>
    </Filter>
    <Filter Include="App Files">
      <UniqueIdentifier>{2c32e4ed-e587-40b3-9553-a158ca6d38da}</UniqueIdentifier>
      <Extensions>dll;ini;txt</Extensions>
    </Filter>
  </ItemGroup>
  <ItemGroup>
    <ClCompile Include="3DChildFrame.cpp">
      <Filter>Source Files</Filter>
    </ClCompile>
    <ClCompile Include="ChildFrm.cpp">
      <Filter>Source Files</Filter>
    </ClCompile>
    <ClCompile Include="CliffTileset.cpp">
      <Filter>Source Files</Filter>
    </ClCompile>
    <ClCompile Include="Doodad.cpp">
      <Filter>Source Files</Filter>
    </ClCompile>
    <ClCompile Include="DoodadDialog.cpp">
      <Filter>Source Files</Filter>
    </ClCompile>
    <ClCompile Include="DoodadsList.cpp">
      <Filter>Source Files</Filter>
    </ClCompile>
    <ClCompile Include="DoodadToolPropDialog.cpp">
      <Filter>Source Files</Filter>
    </ClCompile>
    <ClCompile Include="EButton.cpp">
      <Filter>Source Files</Filter>
    </ClCompile>
    <ClCompile Include="ECheckBox.cpp">
      <Filter>Source Files</Filter>
    </ClCompile>
    <ClCompile Include="EditMapPropMainPage.cpp">
      <Filter>Source Files</Filter>
    </ClCompile>
    <ClCompile Include="EditMapPropMenuOptPage.cpp">
      <Filter>Source Files</Filter>
    </ClCompile>
    <ClCompile Include="EditMapPropMinimapPage.cpp">
      <Filter>Source Files</Filter>
    </ClCompile>
    <ClCompile Include="EditMapPropPlayersPage.cpp">
      <Filter>Source Files</Filter>
    </ClCompile>
    <ClCompile Include="EditMapPropProtectPage.cpp">
      <Filter>Source Files</Filter>
    </ClCompile>
    <ClCompile Include="EditMapPropSheet.cpp">
      <Filter>Source Files</Filter>
    </ClCompile>
    <ClCompile Include="EditMapPropSizePage.cpp">
      <Filter>Source Files</Filter>
    </ClCompile>
    <ClCompile Include="EditModeDialog.cpp">
      <Filter>Source Files</Filter>
    </ClCompile>
    <ClCompile Include="EStatic.cpp">
      <Filter>Source Files</Filter>
    </ClCompile>
    <ClCompile Include="FloatPoint.cpp">
      <Filter>Source Files</Filter>
    </ClCompile>
    <ClCompile Include="GLCamera.cpp">
      <Filter>Source Files</Filter>
    </ClCompile>
    <ClCompile Include="HashCountList.cpp">
      <Filter>Source Files</Filter>
    </ClCompile>
    <ClCompile Include="IDList.cpp">
      <Filter>Source Files</Filter>
    </ClCompile>
    <ClCompile Include="ListedPoint.cpp">
      <Filter>Source Files</Filter>
    </ClCompile>
    <ClCompile Include="ListedTilePoint.cpp">
      <Filter>Source Files</Filter>
    </ClCompile>
    <ClCompile Include="ListedUndoObj.cpp">
      <Filter>Source Files</Filter>
    </ClCompile>
    <ClCompile Include="MainFrm.cpp">
      <Filter>Source Files</Filter>
    </ClCompile>
    <ClCompile Include="MapStatisticsDialog.cpp">
      <Filter>Source Files</Filter>
    </ClCompile>
    <ClCompile Include="MiniMap.cpp">
      <Filter>Source Files</Filter>
    </ClCompile>
    <ClCompile Include="MMPIcon.cpp">
      <Filter>Source Files</Filter>
    </ClCompile>
    <ClCompile Include="MvDocTemplate.cpp">
      <Filter>Source Files</Filter>
    </ClCompile>
    <ClCompile Include="OptionsDialog.cpp">
      <Filter>Source Files</Filter>
    </ClCompile>
    <ClCompile Include="PasswordDialog.cpp">
      <Filter>Source Files</Filter>
    </ClCompile>
    <ClCompile Include="PathButton.cpp">
      <Filter>Source Files</Filter>
    </ClCompile>
    <ClCompile Include="PathDialog.cpp">
      <Filter>Source Files</Filter>
    </ClCompile>
    <ClCompile Include="PathMap.cpp">
      <Filter>Source Files</Filter>
    </ClCompile>
    <ClCompile Include="PluginRunningDialog.cpp">
      <Filter>Source Files</Filter>
    </ClCompile>
    <ClCompile Include="ProgressWnd.cpp">
      <Filter>Source Files</Filter>
    </ClCompile>
    <ClCompile Include="PropertyPageEnh.cpp">
      <Filter>Source Files</Filter>
    </ClCompile>
    <ClCompile Include="RunPluginDialog.cpp">
      <Filter>Source Files</Filter>
    </ClCompile>
    <ClCompile Include="SCMConversionDialog.cpp">
      <Filter>Source Files</Filter>
    </ClCompile>
    <ClCompile Include="ShadowMap.cpp">
      <Filter>Source Files</Filter>
    </ClCompile>
    <ClCompile Include="StdAfx.cpp">
      <Filter>Source Files</Filter>
    </ClCompile>
    <ClCompile Include="StringCountList.cpp">
      <Filter>Source Files</Filter>
    </ClCompile>
    <ClCompile Include="Targa.cpp">
      <Filter>Source Files</Filter>
    </ClCompile>
    <ClCompile Include="TileDialog.cpp">
      <Filter>Source Files</Filter>
    </ClCompile>
    <ClCompile Include="TilePoint.cpp">
      <Filter>Source Files</Filter>
    </ClCompile>
    <ClCompile Include="TilePointList.cpp">
      <Filter>Source Files</Filter>
    </ClCompile>
    <ClCompile Include="TilePointsTable.cpp">
      <Filter>Source Files</Filter>
    </ClCompile>
    <ClCompile Include="TilePointToolPropDialog.cpp">
      <Filter>Source Files</Filter>
    </ClCompile>
    <ClCompile Include="Tileset.cpp">
      <Filter>Source Files</Filter>
    </ClCompile>
    <ClCompile Include="TilesetGroup.cpp">
      <Filter>Source Files</Filter>
    </ClCompile>
    <ClCompile Include="Tool.cpp">
      <Filter>Source Files</Filter>
    </ClCompile>
    <ClCompile Include="ToolDoodadsEdit.cpp">
      <Filter>Source Files</Filter>
    </ClCompile>
    <ClCompile Include="ToolPathEdit.cpp">
      <Filter>Source Files</Filter>
    </ClCompile>
    <ClCompile Include="ToolShadowsEdit.cpp">
      <Filter>Source Files</Filter>
    </ClCompile>
    <ClCompile Include="ToolTilePointsEdit.cpp">
      <Filter>Source Files</Filter>
    </ClCompile>
    <ClCompile Include="ToolUnitsEdit.cpp">
      <Filter>Source Files</Filter>
    </ClCompile>
    <ClCompile Include="TrigString.cpp">
      <Filter>Source Files</Filter>
    </ClCompile>
    <ClCompile Include="TrigStringTable.cpp">
      <Filter>Source Files</Filter>
    </ClCompile>
    <ClCompile Include="UndoObj.cpp">
      <Filter>Source Files</Filter>
    </ClCompile>
    <ClCompile Include="Unit.cpp">
      <Filter>Source Files</Filter>
    </ClCompile>
    <ClCompile Include="UnitDialog.cpp">
      <Filter>Source Files</Filter>
    </ClCompile>
    <ClCompile Include="UnitsList.cpp">
      <Filter>Source Files</Filter>
    </ClCompile>
    <ClCompile Include="ViewModeDialog.cpp">
      <Filter>Source Files</Filter>
    </ClCompile>
    <ClCompile Include="W3Info.cpp">
      <Filter>Source Files</Filter>
    </ClCompile>
    <ClCompile Include="W3ZMapEdit.cpp">
      <Filter>Source Files</Filter>
    </ClCompile>
    <ClCompile Include="W3ZMapEditDoc.cpp">
      <Filter>Source Files</Filter>
    </ClCompile>
    <ClCompile Include="W3ZMapEditSettings.cpp">
      <Filter>Source Files</Filter>
    </ClCompile>
    <ClCompile Include="W3ZMapEditView.cpp">
      <Filter>Source Files</Filter>
    </ClCompile>
    <ClCompile Include="W3ZMapOpenGLView.cpp">
      <Filter>Source Files</Filter>
    </ClCompile>
    <ClCompile Include="War3File.cpp">
      <Filter>Source Files</Filter>
    </ClCompile>
    <ClCompile Include="War3FileException.cpp">
      <Filter>Source Files</Filter>
    </ClCompile>
    <ClCompile Include="War3Map.cpp">
      <Filter>Source Files</Filter>
    </ClCompile>
    <ClCompile Include="War3StrID.cpp">
      <Filter>Source Files</Filter>
    </ClCompile>
  </ItemGroup>
  <ItemGroup>
    <ResourceCompile Include="W3ZMapEdit.rc">
      <Filter>Source Files</Filter>
    </ResourceCompile>
  </ItemGroup>
  <ItemGroup>
    <ClInclude Include="3DChildFrame.h">
      <Filter>Header Files</Filter>
    </ClInclude>
    <ClInclude Include="ChildFrm.h">
      <Filter>Header Files</Filter>
    </ClInclude>
    <ClInclude Include="CliffTileset.h">
      <Filter>Header Files</Filter>
    </ClInclude>
    <ClInclude Include="Doodad.h">
      <Filter>Header Files</Filter>
    </ClInclude>
    <ClInclude Include="DoodadDialog.h">
      <Filter>Header Files</Filter>
    </ClInclude>
    <ClInclude Include="DoodadsList.h">
      <Filter>Header Files</Filter>
    </ClInclude>
    <ClInclude Include="DoodadToolPropDialog.h">
      <Filter>Header Files</Filter>
    </ClInclude>
    <ClInclude Include="EButton.h">
      <Filter>Header Files</Filter>
    </ClInclude>
    <ClInclude Include="ECheckBox.h">
      <Filter>Header Files</Filter>
    </ClInclude>
    <ClInclude Include="EditMapPropMainPage.h">
      <Filter>Header Files</Filter>
    </ClInclude>
    <ClInclude Include="EditMapPropMenuOptPage.h">
      <Filter>Header Files</Filter>
    </ClInclude>
    <ClInclude Include="EditMapPropMinimapPage.h">
      <Filter>Header Files</Filter>
    </ClInclude>
    <ClInclude Include="EditMapPropPlayersPage.h">
      <Filter>Header Files</Filter>
    </ClInclude>
    <ClInclude Include="EditMapPropProtectPage.h">
      <Filter>Header Files</Filter>
    </ClInclude>
    <ClInclude Include="EditMapPropSheet.h">
      <Filter>Header Files</Filter>
    </ClInclude>
    <ClInclude Include="EditMapPropSizePage.h">
      <Filter>Header Files</Filter>
    </ClInclude>
    <ClInclude Include="EditModeDialog.h">
      <Filter>Header Files</Filter>
    </ClInclude>
    <ClInclude Include="EStatic.h">
      <Filter>Header Files</Filter>
    </ClInclude>
    <ClInclude Include="FloatPoint.h">
      <Filter>Header Files</Filter>
    </ClInclude>
    <ClInclude Include="GLCamera.h">
      <Filter>Header Files</Filter>
    </ClInclude>
    <ClInclude Include="HashCountList.h">
      <Filter>Header Files</Filter>
    </ClInclude>
    <ClInclude Include="IDList.h">
      <Filter>Header Files</Filter>
    </ClInclude>
    <ClInclude Include="ListedPoint.h">
      <Filter>Header Files</Filter>
    </ClInclude>
    <ClInclude Include="ListedTilePoint.h">
      <Filter>Header Files</Filter>
    </ClInclude>
    <ClInclude Include="ListedUndoObj.h">
      <Filter>Header Files</Filter>
    </ClInclude>
    <ClInclude Include="MainFrm.h">
      <Filter>Header Files</Filter>
    </ClInclude>
    <ClInclude Include="MapStatisticsDialog.h">
      <Filter>Header Files</Filter>
    </ClInclude>
    <ClInclude Include="MiniMap.h">
      <Filter>Header Files</Filter>
    </ClInclude>
    <ClInclude Include="MMPIcon.h">
      <Filter>Header Files</Filter>
    </ClInclude>
    <ClInclude Include="MvDocTemplate.h">
      <Filter>Header Files</Filter>
    </ClInclude>
    <ClInclude Include="OptionsDialog.h">
      <Filter>Header Files</Filter>
    </ClInclude>
    <ClInclude Include="PasswordDialog.h">
      <Filter>Header Files</Filter>
    </ClInclude>
    <ClInclude Include="PathButton.h">
      <Filter>Header Files</Filter>
    </ClInclude>
    <ClInclude Include="PathDialog.h">
      <Filter>Header Files</Filter>
    </ClInclude>
    <ClInclude Include="PathMap.h">
      <Filter>Header Files</Filter>
    </ClInclude>
    <ClInclude Include="PluginRunningDialog.h">
      <Filter>Header Files</Filter>
    </ClInclude>
    <ClInclude Include="ProgressWnd.h">
      <Filter>Header Files</Filter>
    </ClInclude>
    <ClInclude Include="PropertyPageEnh.h">
      <Filter>Header Files</Filter>
    </ClInclude>
    <ClInclude Include="Resource.h">
      <Filter>Header Files</Filter>
    </ClInclude>
    <ClInclude Include="RunPluginDialog.h">
      <Filter>Header Files</Filter>
    </ClInclude>
    <ClInclude Include="SCMConversionDialog.h">
      <Filter>Header Files</Filter>
    </ClInclude>
    <ClInclude Include="SFmpqapi.h">
      <Filter>Header Files</Filter>
    </ClInclude>
    <ClInclude Include="ShadowMap.h">
      <Filter>Header Files</Filter>
    </ClInclude>
    <ClInclude Include="StdAfx.h">
      <Filter>Header Files</Filter>
    </ClInclude>
    <ClInclude Include="StringCountList.h">
      <Filter>Header Files</Filter>
    </ClInclude>
    <ClInclude Include="Targa.h">
      <Filter>Header Files</Filter>
    </ClInclude>
    <ClInclude Include="TileDialog.h">
      <Filter>Header Files</Filter>
    </ClInclude>
    <ClInclude Include="TilePoint.h">
      <Filter>Header Files</Filter>
    </ClInclude>
    <ClInclude Include="TilePointList.h">
      <Filter>Header Files</Filter>
    </ClInclude>
    <ClInclude Include="TilePointsTable.h">
      <Filter>Header Files</Filter>
    </ClInclude>
    <ClInclude Include="TilePointToolPropDialog.h">
      <Filter>Header Files</Filter>
    </ClInclude>
    <ClInclude Include="Tileset.h">
      <Filter>Header Files</Filter>
    </ClInclude>
    <ClInclude Include="TilesetGroup.h">
      <Filter>Header Files</Filter>
    </ClInclude>
    <ClInclude Include="Tool.h">
      <Filter>Header Files</Filter>
    </ClInclude>
    <ClInclude Include="ToolDoodadsEdit.h">
      <Filter>Header Files</Filter>
    </ClInclude>
    <ClInclude Include="ToolPathEdit.h">
      <Filter>Header Files</Filter>
    </ClInclude>
    <ClInclude Include="ToolShadowsEdit.h">
      <Filter>Header Files</Filter>
    </ClInclude>
    <ClInclude Include="ToolTilePointsEdit.h">
      <Filter>Header Files</Filter>
    </ClInclude>
    <ClInclude Include="ToolUnitsEdit.h">
      <Filter>Header Files</Filter>
    </ClInclude>
    <ClInclude Include="TrigString.h">
      <Filter>Header Files</Filter>
    </ClInclude>
    <ClInclude Include="TrigStringTable.h">
      <Filter>Header Files</Filter>
    </ClInclude>
    <ClInclude Include="UndoObj.h">
      <Filter>Header Files</Filter>
    </ClInclude>
    <ClInclude Include="Unit.h">
      <Filter>Header Files</Filter>
    </ClInclude>
    <ClInclude Include="UnitDialog.h">
      <Filter>Header Files</Filter>
    </ClInclude>
    <ClInclude Include="UnitsList.h">
      <Filter>Header Files</Filter>
    </ClInclude>
    <ClInclude Include="ViewModeDialog.h">
      <Filter>Header Files</Filter>
    </ClInclude>
    <ClInclude Include="W3Info.h">
      <Filter>Header Files</Filter>
    </ClInclude>
    <ClInclude Include="W3ZMapEdit.h">
      <Filter>Header Files</Filter>
    </ClInclude>
    <ClInclude Include="W3ZMapEditDoc.h">
      <Filter>Header Files</Filter>
    </ClInclude>
    <ClInclude Include="W3ZMapEditSettings.h">
      <Filter>Header Files</Filter>
    </ClInclude>
    <ClInclude Include="W3ZMapEditView.h">
      <Filter>Header Files</Filter>
    </ClInclude>
    <ClInclude Include="W3ZMapOpenGLView.h">
      <Filter>Header Files</Filter>
    </ClInclude>
    <ClInclude Include="War3ConversionData.h">
      <Filter>Header Files</Filter>
    </ClInclude>
    <ClInclude Include="War3File.h">
      <Filter>Header Files</Filter>
    </ClInclude>
    <ClInclude Include="War3FileException.h">
      <Filter>Header Files</Filter>
    </ClInclude>
    <ClInclude Include="War3Map.h">
      <Filter>Header Files</Filter>
    </ClInclude>
    <ClInclude Include="War3StrID.h">
      <Filter>Header Files</Filter>
    </ClInclude>
    <ClInclude Include="War3TypesAndConstants.h">
      <Filter>Header Files</Filter>
    </ClInclude>
  </ItemGroup>
  <ItemGroup>
    <None Include="resource.hm">
      <Filter>Header Files</Filter>
    </None>
    <None Include="res\cur00001.cur">
      <Filter>Resource Files</Filter>
    </None>
    <None Include="res\cur00002.cur">
      <Filter>Resource Files</Filter>
    </None>
    <None Include="res\cursor1.cur">
      <Filter>Resource Files</Filter>
    </None>
    <None Include="res\doodads.cur">
      <Filter>Resource Files</Filter>
    </None>
    <None Include="res\path.cur">
      <Filter>Resource Files</Filter>
    </None>
    <None Include="res\pen.cur">
      <Filter>Resource Files</Filter>
    </None>
    <None Include="res\shadows.cur">
      <Filter>Resource Files</Filter>
    </None>
    <None Include="res\tilepoin.cur">
      <Filter>Resource Files</Filter>
    </None>
    <None Include="res\tilepoints.cur">
      <Filter>Resource Files</Filter>
    </None>
    <None Include="res\units.cur">
      <Filter>Resource Files</Filter>
    </None>
    <None Include="res\W3ZMapEdit.rc2">
      <Filter>Resource Files</Filter>
    </None>
    <None Include="W3ZMapEdit.ini">
      <Filter>App Files</Filter>
    </None>
  </ItemGroup>
  <ItemGroup>
    <Image Include="res\bmp00001.bmp">
      <Filter>Resource Files</Filter>
    </Image>
    <Image Include="res\bmp00002.bmp">
      <Filter>Resource Files</Filter>
    </Image>
    <Image Include="res\bmp00003.bmp">
      <Filter>Resource Files</Filter>
    </Image>
    <Image Include="res\doodadsb.bmp">
      <Filter>Resource Files</Filter>
    </Image>
    <Image Include="res\icon1.ico">
      <Filter>Resource Files</Filter>
    </Image>
    <Image Include="res\Toolbar.bmp">
      <Filter>Resource Files</Filter>
    </Image>
    <Image Include="res\toolbar1.bmp">
      <Filter>Resource Files</Filter>
    </Image>
    <Image Include="res\W3ZMapEdit.ico">
      <Filter>Resource Files</Filter>
    </Image>
    <Image Include="res\W3ZMapEditDoc.ico">
      <Filter>Resource Files</Filter>
    </Image>
    <Image Include="res\zoombar.bmp">
      <Filter>Resource Files</Filter>
    </Image>
  </ItemGroup>
  <ItemGroup>
    <Library Include="SFmpq.lib">
      <Filter>Resource Files</Filter>
    </Library>
  </ItemGroup>
  <ItemGroup>
    <Text Include="BitmapsInfo.txt">
      <Filter>App Files</Filter>
    </Text>
    <Text Include="Conversion.txt">
      <Filter>App Files</Filter>
    </Text>
    <Text Include="MustRead.txt">
      <Filter>App Files</Filter>
    </Text>
    <Text Include="TODO.txt">
      <Filter>App Files</Filter>
    </Text>
    <Text Include="W3ZMapEdit-v10.txt">
      <Filter>App Files</Filter>
    </Text>
  </ItemGroup>
</Project>